
Microsoft Visual Studio Solution File, Format Version 12.00
# Visual Studio Version 17
VisualStudioVersion = 17.6.33815.320
MinimumVisualStudioVersion = 10.0.40219.1
Project("{FAE04EC0-301F-11D3-BF4B-00C04F79EFBC}") = "Impactor", "Impactor\Impactor.csproj", "{00AED292-66E8-482D-B5E9-4841F6C76C98}"
EndProject
Project("{FAE04EC0-301F-11D3-BF4B-00C04F79EFBC}") = "ImpactorControls", "Controls\ImpactorControls.csproj", "{F5D01961-EDCC-4440-8CA8-F12CC8BA2806}"
EndProject
Project("{FAE04EC0-301F-11D3-BF4B-00C04F79EFBC}") = "Data", "Data\Data.csproj", "{A731D6C1-586B-4B29-980C-2AF5F56E69F6}"
EndProject
Project("{FAE04EC0-301F-11D3-BF4B-00C04F79EFBC}") = "ImpactorReports", "ImpactorReports\ImpactorReports.csproj", "{08D211BE-33D9-4AD9-B88E-FE03CB0017B1}"
EndProject
Global
	GlobalSection(SolutionConfigurationPlatforms) = preSolution
		Debug|Any CPU = Debug|Any CPU
		Release|Any CPU = Release|Any CPU
	EndGlobalSection
	GlobalSection(ProjectConfigurationPlatforms) = postSolution
		{00AED292-66E8-482D-B5E9-4841F6C76C98}.Debug|Any CPU.ActiveCfg = Debug|Any CPU
		{00AED292-66E8-482D-B5E9-4841F6C76C98}.Debug|Any CPU.Build.0 = Debug|Any CPU
		{00AED292-66E8-482D-B5E9-4841F6C76C98}.Release|Any CPU.ActiveCfg = Release|Any CPU
		{00AED292-66E8-482D-B5E9-4841F6C76C98}.Release|Any CPU.Build.0 = Release|Any CPU
		{F5D01961-EDCC-4440-8CA8-F12CC8BA2806}.Debug|Any CPU.ActiveCfg = Debug|Any CPU
		{F5D01961-EDCC-4440-8CA8-F12CC8BA2806}.Debug|Any CPU.Build.0 = Debug|Any CPU
		{F5D01961-EDCC-4440-8CA8-F12CC8BA2806}.Release|Any CPU.ActiveCfg = Release|Any CPU
		{F5D01961-EDCC-4440-8CA8-F12CC8BA2806}.Release|Any CPU.Build.0 = Release|Any CPU
		{A731D6C1-586B-4B29-980C-2AF5F56E69F6}.Debug|Any CPU.ActiveCfg = Debug|Any CPU
		{A731D6C1-586B-4B29-980C-2AF5F56E69F6}.Debug|Any CPU.Build.0 = Debug|Any CPU
		{A731D6C1-586B-4B29-980C-2AF5F56E69F6}.Release|Any CPU.ActiveCfg = Release|Any CPU
		{A731D6C1-586B-4B29-980C-2AF5F56E69F6}.Release|Any CPU.Build.0 = Release|Any CPU
		{08D211BE-33D9-4AD9-B88E-FE03CB0017B1}.Debug|Any CPU.ActiveCfg = Debug|Any CPU
		{08D211BE-33D9-4AD9-B88E-FE03CB0017B1}.Debug|Any CPU.Build.0 = Debug|Any CPU
		{08D211BE-33D9-4AD9-B88E-FE03CB0017B1}.Release|Any CPU.ActiveCfg = Release|Any CPU
		{08D211BE-33D9-4AD9-B88E-FE03CB0017B1}.Release|Any CPU.Build.0 = Release|Any CPU
	EndGlobalSection
	GlobalSection(SolutionProperties) = preSolution
		HideSolutionNode = FALSE
	EndGlobalSection
	GlobalSection(ExtensibilityGlobals) = postSolution
		SolutionGuid = {EC23D616-5CAB-42C8-9BAA-EE14E17D4BC8}
	EndGlobalSection
EndGlobal
